
Microsoft Visual Studio Solution File, Format Version 12.00
# Visual Studio Version 17
VisualStudioVersion = 17.7.34003.232
MinimumVisualStudioVersion = 10.0.40219.1
Project("{FAE04EC0-301F-11D3-BF4B-00C04F79EFBC}") = "Componentes1.0", "Componentes1.0\Componentes1.0.csproj", "{5090FC81-F958-47D6-9D48-ED0EC2AFBA87}"
EndProject
Global
	GlobalSection(SolutionConfigurationPlatforms) = preSolution
		Debug|Any CPU = Debug|Any CPU
		Release|Any CPU = Release|Any CPU
	EndGlobalSection
	GlobalSection(ProjectConfigurationPlatforms) = postSolution
		{5090FC81-F958-47D6-9D48-ED0EC2AFBA87}.Debug|Any CPU.ActiveCfg = Debug|Any CPU
		{5090FC81-F958-47D6-9D48-ED0EC2AFBA87}.Debug|Any CPU.Build.0 = Debug|Any CPU
		{5090FC81-F958-47D6-9D48-ED0EC2AFBA87}.Release|Any CPU.ActiveCfg = Release|Any CPU
		{5090FC81-F958-47D6-9D48-ED0EC2AFBA87}.Release|Any CPU.Build.0 = Release|Any CPU
	EndGlobalSection
	GlobalSection(SolutionProperties) = preSolution
		HideSolutionNode = FALSE
	EndGlobalSection
	GlobalSection(ExtensibilityGlobals) = postSolution
		SolutionGuid = {C44DE304-6262-4381-AF8C-9187D02EC798}
	EndGlobalSection
EndGlobal
